
Microsoft Visual Studio Solution File, Format Version 12.00
Project("{FAE04EC0-301F-11D3-BF4B-00C04F79EFBC}") = "zadanie02", "zadanie02\zadanie02.csproj", "{B0C587A2-1FAC-4F08-B6B4-B7E829283412}"
EndProject
Project("{FAE04EC0-301F-11D3-BF4B-00C04F79EFBC}") = "zadanie01", "zadanie01\zadanie01.csproj", "{4BDF0D27-A09A-4EAC-A809-73A1B9845494}"
EndProject
Project("{FAE04EC0-301F-11D3-BF4B-00C04F79EFBC}") = "zadanie03", "zadanie03\zadanie03.csproj", "{ED39E126-C4E1-4770-9ABE-AB18048B3988}"
EndProject
Project("{FAE04EC0-301F-11D3-BF4B-00C04F79EFBC}") = "zadanie04", "zadanie04\zadanie04.csproj", "{32861C7A-E2B9-4839-928E-94298239C199}"
EndProject
Project("{2150E333-8FDC-42A3-9474-1A3956D46DE8}") = "Lab00", "Lab00", "{11C881B3-1C7D-4F00-B745-3FFE91802AEE}"
EndProject
Project("{FAE04EC0-301F-11D3-BF4B-00C04F79EFBC}") = "Lab02", "Lab02\Lab02.csproj", "{9E36C442-12DD-482E-AEF3-D4D1BFB3698B}"
EndProject
Project("{FAE04EC0-301F-11D3-BF4B-00C04F79EFBC}") = "Lab03", "Lab03\Lab03.csproj", "{A280181C-E172-4D01-A47A-D4AC5B6D79EE}"
EndProject
Global
	GlobalSection(SolutionConfigurationPlatforms) = preSolution
		Debug|Any CPU = Debug|Any CPU
		Release|Any CPU = Release|Any CPU
	EndGlobalSection
	GlobalSection(ProjectConfigurationPlatforms) = postSolution
		{B0C587A2-1FAC-4F08-B6B4-B7E829283412}.Debug|Any CPU.ActiveCfg = Debug|Any CPU
		{B0C587A2-1FAC-4F08-B6B4-B7E829283412}.Debug|Any CPU.Build.0 = Debug|Any CPU
		{B0C587A2-1FAC-4F08-B6B4-B7E829283412}.Release|Any CPU.ActiveCfg = Release|Any CPU
		{B0C587A2-1FAC-4F08-B6B4-B7E829283412}.Release|Any CPU.Build.0 = Release|Any CPU
		{4BDF0D27-A09A-4EAC-A809-73A1B9845494}.Debug|Any CPU.ActiveCfg = Debug|Any CPU
		{4BDF0D27-A09A-4EAC-A809-73A1B9845494}.Debug|Any CPU.Build.0 = Debug|Any CPU
		{4BDF0D27-A09A-4EAC-A809-73A1B9845494}.Release|Any CPU.ActiveCfg = Release|Any CPU
		{4BDF0D27-A09A-4EAC-A809-73A1B9845494}.Release|Any CPU.Build.0 = Release|Any CPU
		{ED39E126-C4E1-4770-9ABE-AB18048B3988}.Debug|Any CPU.ActiveCfg = Debug|Any CPU
		{ED39E126-C4E1-4770-9ABE-AB18048B3988}.Debug|Any CPU.Build.0 = Debug|Any CPU
		{ED39E126-C4E1-4770-9ABE-AB18048B3988}.Release|Any CPU.ActiveCfg = Release|Any CPU
		{ED39E126-C4E1-4770-9ABE-AB18048B3988}.Release|Any CPU.Build.0 = Release|Any CPU
		{32861C7A-E2B9-4839-928E-94298239C199}.Debug|Any CPU.ActiveCfg = Debug|Any CPU
		{32861C7A-E2B9-4839-928E-94298239C199}.Debug|Any CPU.Build.0 = Debug|Any CPU
		{32861C7A-E2B9-4839-928E-94298239C199}.Release|Any CPU.ActiveCfg = Release|Any CPU
		{32861C7A-E2B9-4839-928E-94298239C199}.Release|Any CPU.Build.0 = Release|Any CPU
		{9E36C442-12DD-482E-AEF3-D4D1BFB3698B}.Debug|Any CPU.ActiveCfg = Debug|Any CPU
		{9E36C442-12DD-482E-AEF3-D4D1BFB3698B}.Debug|Any CPU.Build.0 = Debug|Any CPU
		{9E36C442-12DD-482E-AEF3-D4D1BFB3698B}.Release|Any CPU.ActiveCfg = Release|Any CPU
		{9E36C442-12DD-482E-AEF3-D4D1BFB3698B}.Release|Any CPU.Build.0 = Release|Any CPU
		{A280181C-E172-4D01-A47A-D4AC5B6D79EE}.Debug|Any CPU.ActiveCfg = Debug|Any CPU
		{A280181C-E172-4D01-A47A-D4AC5B6D79EE}.Debug|Any CPU.Build.0 = Debug|Any CPU
		{A280181C-E172-4D01-A47A-D4AC5B6D79EE}.Release|Any CPU.ActiveCfg = Release|Any CPU
		{A280181C-E172-4D01-A47A-D4AC5B6D79EE}.Release|Any CPU.Build.0 = Release|Any CPU
	EndGlobalSection
	GlobalSection(NestedProjects) = preSolution
		{4BDF0D27-A09A-4EAC-A809-73A1B9845494} = {11C881B3-1C7D-4F00-B745-3FFE91802AEE}
		{B0C587A2-1FAC-4F08-B6B4-B7E829283412} = {11C881B3-1C7D-4F00-B745-3FFE91802AEE}
		{ED39E126-C4E1-4770-9ABE-AB18048B3988} = {11C881B3-1C7D-4F00-B745-3FFE91802AEE}
		{32861C7A-E2B9-4839-928E-94298239C199} = {11C881B3-1C7D-4F00-B745-3FFE91802AEE}
	EndGlobalSection
EndGlobal
